lockfileVersion: '9.0'

settings:
  autoInstallPeers: true
  excludeLinksFromLockfile: false

importers:

  .:
    dependencies:
      '@openai/codex-sdk':
        specifier: ^0.148.0
        version: 0.148.0

packages:

  '@openai/codex-sdk@0.148.0':
    resolution: {integrity: sha512-NWTd6ZxuwsuNFqFTpONQCnFVCf++g7b8eafScW5Enpv6v2lCXHizpr07iK9U6RFnLEuAP2KFirVUlZnxxY0j6A==}
    engines: {node: '>=18'}

  '@openai/codex@0.148.0':
    resolution: {integrity: sha512-bh5kH9+BMrFaHGmLeoSansPdfRksvr4UXzjQInns/KRO7r8VJ+6AAW+SqUsE8XcG3+OW/mI4EEy8Gpo9UDXGvQ==}
    engines: {node: '>=16'}
    hasBin: true

  '@openai/codex@0.148.0-darwin-arm64':
    resolution: {integrity: sha512-xgBPFiF1fHUlRS7HE6wGB56LjBJh16kGD7b4TTbwdVBZNB4QDkTok+vdkAGrfpVkfKcwGNhPSKDgCw+KMZOVug==}
    engines: {node: '>=16'}
    cpu: [arm64]
    os: [darwin]

  '@openai/codex@0.148.0-darwin-x64':
    resolution: {integrity: sha512-qepQolhJutfOp+e9i7L3xsi8aoWeCUiiRq274WMWqRj50rKTrXxsuAgkAwDbqEfT3G5VynhYZuQvDsW37JgdNQ==}
    engines: {node: '>=16'}
    cpu: [x64]
    os: [darwin]

  '@openai/codex@0.148.0-linux-arm64':
    resolution: {integrity: sha512-51DCd+izzk6n4mMh4w2utWj3lTLhSTnCOEJQfRh0LS9nBDkcYZcK3iSKOST6fByRIlLSXuLO33LlYYA1VPot6A==}
    engines: {node: '>=16'}
    cpu: [arm64]
    os: [linux]

  '@openai/codex@0.148.0-linux-x64':
    resolution: {integrity: sha512-uDT9s7AfMr9xLuJX3ZLVWHgHkUpCnZ33CZjZEdVQhrYCIErkDHsCW5TG290nNjaKngK0WxGt5uCcxeUHv9MWWA==}
    engines: {node: '>=16'}
    cpu: [x64]
    os: [linux]

  '@openai/codex@0.148.0-win32-arm64':
    resolution: {integrity: sha512-a8iOwLzs8UdnlWDHjgK3W/YSBBsUImG8X5XLBjengp3XGJRruhiIsQtUDUOYimCmotKPM4aX7Ub6zjl/KPxMQQ==}
    engines: {node: '>=16'}
    cpu: [arm64]
    os: [win32]

  '@openai/codex@0.148.0-win32-x64':
    resolution: {integrity: sha512-/Jg8eYw0BqTGNUpnrzzWlK2kbu29NWg7t6pnUDEfxqpTUf+mK8r3okXQn60Zjbk9InYZ4d8SwSjrtOa+i5hSPw==}
    engines: {node: '>=16'}
    cpu: [x64]
    os: [win32]

snapshots:

  '@openai/codex-sdk@0.148.0':
    dependencies:
      '@openai/codex': 0.148.0

  '@openai/codex@0.148.0':
    optionalDependencies:
      '@openai/codex-darwin-arm64': '@openai/codex@0.148.0-darwin-arm64'
      '@openai/codex-darwin-x64': '@openai/codex@0.148.0-darwin-x64'
      '@openai/codex-linux-arm64': '@openai/codex@0.148.0-linux-arm64'
      '@openai/codex-linux-x64': '@openai/codex@0.148.0-linux-x64'
      '@openai/codex-win32-arm64': '@openai/codex@0.148.0-win32-arm64'
      '@openai/codex-win32-x64': '@openai/codex@0.148.0-win32-x64'

  '@openai/codex@0.148.0-darwin-arm64':
    optional: true

  '@openai/codex@0.148.0-darwin-x64':
    optional: true

  '@openai/codex@0.148.0-linux-arm64':
    optional: true

  '@openai/codex@0.148.0-linux-x64':
    optional: true

  '@openai/codex@0.148.0-win32-arm64':
    optional: true

  '@openai/codex@0.148.0-win32-x64':
    optional: true
